
Microsoft Visual Studio Solution File, Format Version 12.00
# Visual Studio Version 17
VisualStudioVersion = 17.5.33627.172
MinimumVisualStudioVersion = 10.0.40219.1
Project("{FAE04EC0-301F-11D3-BF4B-00C04F79EFBC}") = "Mailer", "Mailer.csproj", "{A2EBD277-1A4F-4A3A-B4AA-9C0DE23D0486}"
EndProject
Global
	GlobalSection(SolutionConfigurationPlatforms) = preSolution
		Debug|Any CPU = Debug|Any CPU
		Release|Any CPU = Release|Any CPU
	EndGlobalSection
	GlobalSection(ProjectConfigurationPlatforms) = postSolution
		{A2EBD277-1A4F-4A3A-B4AA-9C0DE23D0486}.Debug|Any CPU.ActiveCfg = Debug|Any CPU
		{A2EBD277-1A4F-4A3A-B4AA-9C0DE23D0486}.Debug|Any CPU.Build.0 = Debug|Any CPU
		{A2EBD277-1A4F-4A3A-B4AA-9C0DE23D0486}.Release|Any CPU.ActiveCfg = Release|Any CPU
		{A2EBD277-1A4F-4A3A-B4AA-9C0DE23D0486}.Release|Any CPU.Build.0 = Release|Any CPU
	EndGlobalSection
	GlobalSection(SolutionProperties) = preSolution
		HideSolutionNode = FALSE
	EndGlobalSection
	GlobalSection(ExtensibilityGlobals) = postSolution
		SolutionGuid = {BDA0BF6C-DCF9-4864-8E7A-241145BE4DFC}
	EndGlobalSection
EndGlobal
